
Microsoft Visual Studio Solution File, Format Version 12.00
# Visual Studio 15
VisualStudioVersion = 15.0.27004.2002
MinimumVisualStudioVersion = 10.0.40219.1
Project("{2150E333-8FDC-42A3-9474-1A3956D46DE8}") = "src", "src", "{F4DA3B11-79E1-4028-98FB-F7BC92A3FFA2}"
EndProject
Project("{2150E333-8FDC-42A3-9474-1A3956D46DE8}") = "test", "test", "{316C44CA-36EC-49D7-A09C-E0393C785019}"
EndProject
Project("{9A19103F-16F7-4668-BE54-9A1E7A4F7556}") = "GeoTimeZone", "src\GeoTimeZone\GeoTimeZone.csproj", "{CEB807E6-7694-42ED-B914-051EDB2230C5}"
EndProject
Project("{9A19103F-16F7-4668-BE54-9A1E7A4F7556}") = "GeoTimeZone.DataBuilder", "src\GeoTimeZone.DataBuilder\GeoTimeZone.DataBuilder.csproj", "{D3894B4B-A08E-4FBD-AEF8-41287B0C6E7F}"
EndProject
Project("{9A19103F-16F7-4668-BE54-9A1E7A4F7556}") = "GeoTimeZone.Tests", "test\GeoTimeZone.Tests\GeoTimeZone.Tests.csproj", "{348EBAF0-24A4-427D-81A9-BD4B483DD6D4}"
EndProject
Project("{9A19103F-16F7-4668-BE54-9A1E7A4F7556}") = "GeoTimeZone.DataBuilder.Tests", "test\GeoTimeZone.DataBuilder.Tests\GeoTimeZone.DataBuilder.Tests.csproj", "{3E2E566B-60A3-4F7D-B6B8-2A70AA2C29B4}"
EndProject
Project("{FAE04EC0-301F-11D3-BF4B-00C04F79EFBC}") = "GeoTimeZone.Core", "src\GeoTimeZone.Core\GeoTimeZone.Core.csproj", "{27DD86ED-7392-4108-B667-D07BF9262166}"
EndProject
Project("{FAE04EC0-301F-11D3-BF4B-00C04F79EFBC}") = "GeoTimeZone6", "src\GeoTimeZone6\GeoTimeZone6.csproj", "{EB1B48FD-318C-4948-9C8A-D56C3E0875F5}"
EndProject
Global
	GlobalSection(SolutionConfigurationPlatforms) = preSolution
		Debug|Any CPU = Debug|Any CPU
		Debug|x64 = Debug|x64
		Debug|x86 = Debug|x86
		Release|Any CPU = Release|Any CPU
		Release|x64 = Release|x64
		Release|x86 = Release|x86
	EndGlobalSection
	GlobalSection(ProjectConfigurationPlatforms) = postSolution
		{CEB807E6-7694-42ED-B914-051EDB2230C5}.Debug|Any CPU.ActiveCfg = Debug|Any CPU
		{CEB807E6-7694-42ED-B914-051EDB2230C5}.Debug|Any CPU.Build.0 = Debug|Any CPU
		{CEB807E6-7694-42ED-B914-051EDB2230C5}.Debug|x64.ActiveCfg = Debug|Any CPU
		{CEB807E6-7694-42ED-B914-051EDB2230C5}.Debug|x64.Build.0 = Debug|Any CPU
		{CEB807E6-7694-42ED-B914-051EDB2230C5}.Debug|x86.ActiveCfg = Debug|Any CPU
		{CEB807E6-7694-42ED-B914-051EDB2230C5}.Debug|x86.Build.0 = Debug|Any CPU
		{CEB807E6-7694-42ED-B914-051EDB2230C5}.Release|Any CPU.ActiveCfg = Release|Any CPU
		{CEB807E6-7694-42ED-B914-051EDB2230C5}.Release|Any CPU.Build.0 = Release|Any CPU
		{CEB807E6-7694-42ED-B914-051EDB2230C5}.Release|x64.ActiveCfg = Release|Any CPU
		{CEB807E6-7694-42ED-B914-051EDB2230C5}.Release|x64.Build.0 = Release|Any CPU
		{CEB807E6-7694-42ED-B914-051EDB2230C5}.Release|x86.ActiveCfg = Release|Any CPU
		{CEB807E6-7694-42ED-B914-051EDB2230C5}.Release|x86.Build.0 = Release|Any CPU
		{D3894B4B-A08E-4FBD-AEF8-41287B0C6E7F}.Debug|Any CPU.ActiveCfg = Debug|Any CPU
		{D3894B4B-A08E-4FBD-AEF8-41287B0C6E7F}.Debug|Any CPU.Build.0 = Debug|Any CPU
		{D3894B4B-A08E-4FBD-AEF8-41287B0C6E7F}.Debug|x64.ActiveCfg = Debug|Any CPU
		{D3894B4B-A08E-4FBD-AEF8-41287B0C6E7F}.Debug|x64.Build.0 = Debug|Any CPU
		{D3894B4B-A08E-4FBD-AEF8-41287B0C6E7F}.Debug|x86.ActiveCfg = Debug|Any CPU
		{D3894B4B-A08E-4FBD-AEF8-41287B0C6E7F}.Debug|x86.Build.0 = Debug|Any CPU
		{D3894B4B-A08E-4FBD-AEF8-41287B0C6E7F}.Release|Any CPU.ActiveCfg = Release|Any CPU
		{D3894B4B-A08E-4FBD-AEF8-41287B0C6E7F}.Release|Any CPU.Build.0 = Release|Any CPU
		{D3894B4B-A08E-4FBD-AEF8-41287B0C6E7F}.Release|x64.ActiveCfg = Release|Any CPU
		{D3894B4B-A08E-4FBD-AEF8-41287B0C6E7F}.Release|x64.Build.0 = Release|Any CPU
		{D3894B4B-A08E-4FBD-AEF8-41287B0C6E7F}.Release|x86.ActiveCfg = Release|Any CPU
		{D3894B4B-A08E-4FBD-AEF8-41287B0C6E7F}.Release|x86.Build.0 = Release|Any CPU
		{348EBAF0-24A4-427D-81A9-BD4B483DD6D4}.Debug|Any CPU.ActiveCfg = Debug|Any CPU
		{348EBAF0-24A4-427D-81A9-BD4B483DD6D4}.Debug|Any CPU.Build.0 = Debug|Any CPU
		{348EBAF0-24A4-427D-81A9-BD4B483DD6D4}.Debug|x64.ActiveCfg = Debug|Any CPU
		{348EBAF0-24A4-427D-81A9-BD4B483DD6D4}.Debug|x64.Build.0 = Debug|Any CPU
		{348EBAF0-24A4-427D-81A9-BD4B483DD6D4}.Debug|x86.ActiveCfg = Debug|Any CPU
		{348EBAF0-24A4-427D-81A9-BD4B483DD6D4}.Debug|x86.Build.0 = Debug|Any CPU
		{348EBAF0-24A4-427D-81A9-BD4B483DD6D4}.Release|Any CPU.ActiveCfg = Release|Any CPU
		{348EBAF0-24A4-427D-81A9-BD4B483DD6D4}.Release|Any CPU.Build.0 = Release|Any CPU
		{348EBAF0-24A4-427D-81A9-BD4B483DD6D4}.Release|x64.ActiveCfg = Release|Any CPU
		{348EBAF0-24A4-427D-81A9-BD4B483DD6D4}.Release|x64.Build.0 = Release|Any CPU
		{348EBAF0-24A4-427D-81A9-BD4B483DD6D4}.Release|x86.ActiveCfg = Release|Any CPU
		{348EBAF0-24A4-427D-81A9-BD4B483DD6D4}.Release|x86.Build.0 = Release|Any CPU
		{3E2E566B-60A3-4F7D-B6B8-2A70AA2C29B4}.Debug|Any CPU.ActiveCfg = Debug|Any CPU
		{3E2E566B-60A3-4F7D-B6B8-2A70AA2C29B4}.Debug|Any CPU.Build.0 = Debug|Any CPU
		{3E2E566B-60A3-4F7D-B6B8-2A70AA2C29B4}.Debug|x64.ActiveCfg = Debug|Any CPU
		{3E2E566B-60A3-4F7D-B6B8-2A70AA2C29B4}.Debug|x64.Build.0 = Debug|Any CPU
		{3E2E566B-60A3-4F7D-B6B8-2A70AA2C29B4}.Debug|x86.ActiveCfg = Debug|Any CPU
		{3E2E566B-60A3-4F7D-B6B8-2A70AA2C29B4}.Debug|x86.Build.0 = Debug|Any CPU
		{3E2E566B-60A3-4F7D-B6B8-2A70AA2C29B4}.Release|Any CPU.ActiveCfg = Release|Any CPU
		{3E2E566B-60A3-4F7D-B6B8-2A70AA2C29B4}.Release|Any CPU.Build.0 = Release|Any CPU
		{3E2E566B-60A3-4F7D-B6B8-2A70AA2C29B4}.Release|x64.ActiveCfg = Release|Any CPU
		{3E2E566B-60A3-4F7D-B6B8-2A70AA2C29B4}.Release|x64.Build.0 = Release|Any CPU
		{3E2E566B-60A3-4F7D-B6B8-2A70AA2C29B4}.Release|x86.ActiveCfg = Release|Any CPU
		{3E2E566B-60A3-4F7D-B6B8-2A70AA2C29B4}.Release|x86.Build.0 = Release|Any CPU
		{27DD86ED-7392-4108-B667-D07BF9262166}.Debug|Any CPU.ActiveCfg = Debug|Any CPU
		{27DD86ED-7392-4108-B667-D07BF9262166}.Debug|Any CPU.Build.0 = Debug|Any CPU
		{27DD86ED-7392-4108-B667-D07BF9262166}.Debug|x64.ActiveCfg = Debug|Any CPU
		{27DD86ED-7392-4108-B667-D07BF9262166}.Debug|x64.Build.0 = Debug|Any CPU
		{27DD86ED-7392-4108-B667-D07BF9262166}.Debug|x86.ActiveCfg = Debug|Any CPU
		{27DD86ED-7392-4108-B667-D07BF9262166}.Debug|x86.Build.0 = Debug|Any CPU
		{27DD86ED-7392-4108-B667-D07BF9262166}.Release|Any CPU.ActiveCfg = Release|Any CPU
		{27DD86ED-7392-4108-B667-D07BF9262166}.Release|Any CPU.Build.0 = Release|Any CPU
		{27DD86ED-7392-4108-B667-D07BF9262166}.Release|x64.ActiveCfg = Release|Any CPU
		{27DD86ED-7392-4108-B667-D07BF9262166}.Release|x64.Build.0 = Release|Any CPU
		{27DD86ED-7392-4108-B667-D07BF9262166}.Release|x86.ActiveCfg = Release|Any CPU
		{27DD86ED-7392-4108-B667-D07BF9262166}.Release|x86.Build.0 = Release|Any CPU
		{EB1B48FD-318C-4948-9C8A-D56C3E0875F5}.Debug|Any CPU.ActiveCfg = Debug|Any CPU
		{EB1B48FD-318C-4948-9C8A-D56C3E0875F5}.Debug|Any CPU.Build.0 = Debug|Any CPU
		{EB1B48FD-318C-4948-9C8A-D56C3E0875F5}.Debug|x64.ActiveCfg = Debug|Any CPU
		{EB1B48FD-318C-4948-9C8A-D56C3E0875F5}.Debug|x64.Build.0 = Debug|Any CPU
		{EB1B48FD-318C-4948-9C8A-D56C3E0875F5}.Debug|x86.ActiveCfg = Debug|Any CPU
		{EB1B48FD-318C-4948-9C8A-D56C3E0875F5}.Debug|x86.Build.0 = Debug|Any CPU
		{EB1B48FD-318C-4948-9C8A-D56C3E0875F5}.Release|Any CPU.ActiveCfg = Release|Any CPU
		{EB1B48FD-318C-4948-9C8A-D56C3E0875F5}.Release|Any CPU.Build.0 = Release|Any CPU
		{EB1B48FD-318C-4948-9C8A-D56C3E0875F5}.Release|x64.ActiveCfg = Release|Any CPU
		{EB1B48FD-318C-4948-9C8A-D56C3E0875F5}.Release|x64.Build.0 = Release|Any CPU
		{EB1B48FD-318C-4948-9C8A-D56C3E0875F5}.Release|x86.ActiveCfg = Release|Any CPU
		{EB1B48FD-318C-4948-9C8A-D56C3E0875F5}.Release|x86.Build.0 = Release|Any CPU
	EndGlobalSection
	GlobalSection(SolutionProperties) = preSolution
		HideSolutionNode = FALSE
	EndGlobalSection
	GlobalSection(NestedProjects) = preSolution
		{CEB807E6-7694-42ED-B914-051EDB2230C5} = {F4DA3B11-79E1-4028-98FB-F7BC92A3FFA2}
		{D3894B4B-A08E-4FBD-AEF8-41287B0C6E7F} = {F4DA3B11-79E1-4028-98FB-F7BC92A3FFA2}
		{348EBAF0-24A4-427D-81A9-BD4B483DD6D4} = {316C44CA-36EC-49D7-A09C-E0393C785019}
		{3E2E566B-60A3-4F7D-B6B8-2A70AA2C29B4} = {316C44CA-36EC-49D7-A09C-E0393C785019}
		{27DD86ED-7392-4108-B667-D07BF9262166} = {F4DA3B11-79E1-4028-98FB-F7BC92A3FFA2}
		{EB1B48FD-318C-4948-9C8A-D56C3E0875F5} = {F4DA3B11-79E1-4028-98FB-F7BC92A3FFA2}
	EndGlobalSection
	GlobalSection(ExtensibilityGlobals) = postSolution
		SolutionGuid = {D86DF842-A482-4EBD-81A7-2C0FE22856F1}
	EndGlobalSection
EndGlobal
